
Microsoft Visual Studio Solution File, Format Version 12.00
# Visual Studio 15
VisualStudioVersion = 15.0.28010.2050
MinimumVisualStudioVersion = 10.0.40219.1
Project("{FAE04EC0-301F-11D3-BF4B-00C04F79EFBC}") = "HarcosokApplication", "HarcosokApplication\HarcosokApplication.csproj", "{E83183FA-E010-4431-A0B9-ED14A5559626}"
EndProject
Global
	GlobalSection(SolutionConfigurationPlatforms) = preSolution
		Debug|Any CPU = Debug|Any CPU
		Release|Any CPU = Release|Any CPU
	EndGlobalSection
	GlobalSection(ProjectConfigurationPlatforms) = postSolution
		{E83183FA-E010-4431-A0B9-ED14A5559626}.Debug|Any CPU.ActiveCfg = Debug|Any CPU
		{E83183FA-E010-4431-A0B9-ED14A5559626}.Debug|Any CPU.Build.0 = Debug|Any CPU
		{E83183FA-E010-4431-A0B9-ED14A5559626}.Release|Any CPU.ActiveCfg = Release|Any CPU
		{E83183FA-E010-4431-A0B9-ED14A5559626}.Release|Any CPU.Build.0 = Release|Any CPU
	EndGlobalSection
	GlobalSection(SolutionProperties) = preSolution
		HideSolutionNode = FALSE
	EndGlobalSection
	GlobalSection(ExtensibilityGlobals) = postSolution
		SolutionGuid = {1454C641-1E4D-4CA9-8C55-F06A16A9CB7C}
	EndGlobalSection
EndGlobal
